
Microsoft Visual Studio Solution File, Format Version 12.00
Project("{FAE04EC0-301F-11D3-BF4B-00C04F79EFBC}") = "Entities", "Entities\Entities.csproj", "{2D6C09D1-C3EB-4A55-BC73-47C0F44D5F19}"
EndProject
Global
	GlobalSection(SolutionConfigurationPlatforms) = preSolution
		Debug|Any CPU = Debug|Any CPU
		Release|Any CPU = Release|Any CPU
	EndGlobalSection
	GlobalSection(ProjectConfigurationPlatforms) = postSolution
		{2D6C09D1-C3EB-4A55-BC73-47C0F44D5F19}.Debug|Any CPU.ActiveCfg = Debug|Any CPU
		{2D6C09D1-C3EB-4A55-BC73-47C0F44D5F19}.Debug|Any CPU.Build.0 = Debug|Any CPU
		{2D6C09D1-C3EB-4A55-BC73-47C0F44D5F19}.Release|Any CPU.ActiveCfg = Release|Any CPU
		{2D6C09D1-C3EB-4A55-BC73-47C0F44D5F19}.Release|Any CPU.Build.0 = Release|Any CPU
	EndGlobalSection
EndGlobal
